
Microsoft Visual Studio Solution File, Format Version 11.00
# Visual Studio 2010
Project("{FAE04EC0-301F-11D3-BF4B-00C04F79EFBC}") = "Rock_Paper_Scissors_Game", "Rock_Paper_Scissors_Game.csproj", "{BBB30495-EC76-4550-AEC2-ACCCD766BDF9}"
EndProject
Global
	GlobalSection(SolutionConfigurationPlatforms) = preSolution
		Debug|Any CPU = Debug|Any CPU
		Release|Any CPU = Release|Any CPU
	EndGlobalSection
	GlobalSection(ProjectConfigurationPlatforms) = postSolution
		{BBB30495-EC76-4550-AEC2-ACCCD766BDF9}.Debug|Any CPU.ActiveCfg = Debug|Any CPU
		{BBB30495-EC76-4550-AEC2-ACCCD766BDF9}.Debug|Any CPU.Build.0 = Debug|Any CPU
		{BBB30495-EC76-4550-AEC2-ACCCD766BDF9}.Release|Any CPU.ActiveCfg = Release|Any CPU
		{BBB30495-EC76-4550-AEC2-ACCCD766BDF9}.Release|Any CPU.Build.0 = Release|Any CPU
	EndGlobalSection
	GlobalSection(SolutionProperties) = preSolution
		HideSolutionNode = FALSE
	EndGlobalSection
EndGlobal
